Microsoft Visual Studio Solution File, Format Version 12.00
# Visual Studio Version 16
VisualStudioVersion = 16.0.31911.196
MinimumVisualStudioVersion = 10.0.40219.1
Project("{8BC9CEB8-8B4A-11D0-8D11-00A0C91BC942}") = "ParseHexString", "ParseHexString.vcxproj", "{B9AA365D-28FA-4EF7-8880-65AEAF9D4ADF}"
EndProject
Global
	GlobalSection(SolutionConfigurationPlatforms) = preSolution
		Debug|Win32 = Debug|Win32
		Debug|x64 = Debug|x64
		Release|Win32 = Release|Win32
		Release|x64 = Release|x64
	EndGlobalSection
	GlobalSection(ProjectConfigurationPlatforms) = postSolution
		{B9AA365D-28FA-4EF7-8880-65AEAF9D4ADF}.Debug|Win32.ActiveCfg = Debug|Win32
		{B9AA365D-28FA-4EF7-8880-65AEAF9D4ADF}.Debug|Win32.Build.0 = Debug|Win32
		{B9AA365D-28FA-4EF7-8880-65AEAF9D4ADF}.Debug|x64.ActiveCfg = Debug|x64
		{B9AA365D-28FA-4EF7-8880-65AEAF9D4ADF}.Debug|x64.Build.0 = Debug|x64
		{B9AA365D-28FA-4EF7-8880-65AEAF9D4ADF}.Release|Win32.ActiveCfg = Release|Win32
		{B9AA365D-28FA-4EF7-8880-65AEAF9D4ADF}.Release|Win32.Build.0 = Release|Win32
		{B9AA365D-28FA-4EF7-8880-65AEAF9D4ADF}.Release|x64.ActiveCfg = Release|x64
		{B9AA365D-28FA-4EF7-8880-65AEAF9D4ADF}.Release|x64.Build.0 = Release|x64
	EndGlobalSection
	GlobalSection(SolutionProperties) = preSolution
		HideSolutionNode = FALSE
	EndGlobalSection
	GlobalSection(ExtensibilityGlobals) = postSolution
		SolutionGuid = {BCDA8771-4B76-49BE-9E88-19ABDD50775F}
	EndGlobalSection
EndGlobal
